
Microsoft Visual Studio Solution File, Format Version 12.00
# Visual Studio Version 17
VisualStudioVersion = 17.0.31903.59
MinimumVisualStudioVersion = 10.0.40219.1
Project("{2150E333-8FDC-42A3-9474-1A3956D46DE8}") = "src", "src", "{827E0CD3-B72D-47B6-A68D-7590B98EB39B}"
EndProject
Project("{FAE04EC0-301F-11D3-BF4B-00C04F79EFBC}") = "FactoryQueue.Api", "src\FactoryQueue.Api\FactoryQueue.Api.csproj", "{CBB0D3C6-1C90-4221-862A-9D2B04148E70}"
EndProject
Project("{FAE04EC0-301F-11D3-BF4B-00C04F79EFBC}") = "FactoryQueue.Application", "src\FactoryQueue.Application\FactoryQueue.Application.csproj", "{813C1852-80C3-4E73-8ABD-E6486717447A}"
EndProject
Project("{FAE04EC0-301F-11D3-BF4B-00C04F79EFBC}") = "FactoryQueue.Domain", "src\FactoryQueue.Domain\FactoryQueue.Domain.csproj", "{8E5EB03B-4CC0-4F5A-8928-AC1D666F575A}"
EndProject
Project("{FAE04EC0-301F-11D3-BF4B-00C04F79EFBC}") = "FactoryQueue.Infrastructure", "src\FactoryQueue.Infrastructure\FactoryQueue.Infrastructure.csproj", "{6117F621-1F2E-4D76-97F1-0D2BEBF9898C}"
EndProject
Global
	GlobalSection(SolutionConfigurationPlatforms) = preSolution
		Debug|Any CPU = Debug|Any CPU
		Debug|x64 = Debug|x64
		Debug|x86 = Debug|x86
		Release|Any CPU = Release|Any CPU
		Release|x64 = Release|x64
		Release|x86 = Release|x86
	EndGlobalSection
	GlobalSection(ProjectConfigurationPlatforms) = postSolution
		{CBB0D3C6-1C90-4221-862A-9D2B04148E70}.Debug|Any CPU.ActiveCfg = Debug|Any CPU
		{CBB0D3C6-1C90-4221-862A-9D2B04148E70}.Debug|Any CPU.Build.0 = Debug|Any CPU
		{CBB0D3C6-1C90-4221-862A-9D2B04148E70}.Debug|x64.ActiveCfg = Debug|Any CPU
		{CBB0D3C6-1C90-4221-862A-9D2B04148E70}.Debug|x64.Build.0 = Debug|Any CPU
		{CBB0D3C6-1C90-4221-862A-9D2B04148E70}.Debug|x86.ActiveCfg = Debug|Any CPU
		{CBB0D3C6-1C90-4221-862A-9D2B04148E70}.Debug|x86.Build.0 = Debug|Any CPU
		{CBB0D3C6-1C90-4221-862A-9D2B04148E70}.Release|Any CPU.ActiveCfg = Release|Any CPU
		{CBB0D3C6-1C90-4221-862A-9D2B04148E70}.Release|Any CPU.Build.0 = Release|Any CPU
		{CBB0D3C6-1C90-4221-862A-9D2B04148E70}.Release|x64.ActiveCfg = Release|Any CPU
		{CBB0D3C6-1C90-4221-862A-9D2B04148E70}.Release|x64.Build.0 = Release|Any CPU
		{CBB0D3C6-1C90-4221-862A-9D2B04148E70}.Release|x86.ActiveCfg = Release|Any CPU
		{CBB0D3C6-1C90-4221-862A-9D2B04148E70}.Release|x86.Build.0 = Release|Any CPU
		{813C1852-80C3-4E73-8ABD-E6486717447A}.Debug|Any CPU.ActiveCfg = Debug|Any CPU
		{813C1852-80C3-4E73-8ABD-E6486717447A}.Debug|Any CPU.Build.0 = Debug|Any CPU
		{813C1852-80C3-4E73-8ABD-E6486717447A}.Debug|x64.ActiveCfg = Debug|Any CPU
		{813C1852-80C3-4E73-8ABD-E6486717447A}.Debug|x64.Build.0 = Debug|Any CPU
		{813C1852-80C3-4E73-8ABD-E6486717447A}.Debug|x86.ActiveCfg = Debug|Any CPU
		{813C1852-80C3-4E73-8ABD-E6486717447A}.Debug|x86.Build.0 = Debug|Any CPU
		{813C1852-80C3-4E73-8ABD-E6486717447A}.Release|Any CPU.ActiveCfg = Release|Any CPU
		{813C1852-80C3-4E73-8ABD-E6486717447A}.Release|Any CPU.Build.0 = Release|Any CPU
		{813C1852-80C3-4E73-8ABD-E6486717447A}.Release|x64.ActiveCfg = Release|Any CPU
		{813C1852-80C3-4E73-8ABD-E6486717447A}.Release|x64.Build.0 = Release|Any CPU
		{813C1852-80C3-4E73-8ABD-E6486717447A}.Release|x86.ActiveCfg = Release|Any CPU
		{813C1852-80C3-4E73-8ABD-E6486717447A}.Release|x86.Build.0 = Release|Any CPU
		{8E5EB03B-4CC0-4F5A-8928-AC1D666F575A}.Debug|Any CPU.ActiveCfg = Debug|Any CPU
		{8E5EB03B-4CC0-4F5A-8928-AC1D666F575A}.Debug|Any CPU.Build.0 = Debug|Any CPU
		{8E5EB03B-4CC0-4F5A-8928-AC1D666F575A}.Debug|x64.ActiveCfg = Debug|Any CPU
		{8E5EB03B-4CC0-4F5A-8928-AC1D666F575A}.Debug|x64.Build.0 = Debug|Any CPU
		{8E5EB03B-4CC0-4F5A-8928-AC1D666F575A}.Debug|x86.ActiveCfg = Debug|Any CPU
		{8E5EB03B-4CC0-4F5A-8928-AC1D666F575A}.Debug|x86.Build.0 = Debug|Any CPU
		{8E5EB03B-4CC0-4F5A-8928-AC1D666F575A}.Release|Any CPU.ActiveCfg = Release|Any CPU
		{8E5EB03B-4CC0-4F5A-8928-AC1D666F575A}.Release|Any CPU.Build.0 = Release|Any CPU
		{8E5EB03B-4CC0-4F5A-8928-AC1D666F575A}.Release|x64.ActiveCfg = Release|Any CPU
		{8E5EB03B-4CC0-4F5A-8928-AC1D666F575A}.Release|x64.Build.0 = Release|Any CPU
		{8E5EB03B-4CC0-4F5A-8928-AC1D666F575A}.Release|x86.ActiveCfg = Release|Any CPU
		{8E5EB03B-4CC0-4F5A-8928-AC1D666F575A}.Release|x86.Build.0 = Release|Any CPU
		{6117F621-1F2E-4D76-97F1-0D2BEBF9898C}.Debug|Any CPU.ActiveCfg = Debug|Any CPU
		{6117F621-1F2E-4D76-97F1-0D2BEBF9898C}.Debug|Any CPU.Build.0 = Debug|Any CPU
		{6117F621-1F2E-4D76-97F1-0D2BEBF9898C}.Debug|x64.ActiveCfg = Debug|Any CPU
		{6117F621-1F2E-4D76-97F1-0D2BEBF9898C}.Debug|x64.Build.0 = Debug|Any CPU
		{6117F621-1F2E-4D76-97F1-0D2BEBF9898C}.Debug|x86.ActiveCfg = Debug|Any CPU
		{6117F621-1F2E-4D76-97F1-0D2BEBF9898C}.Debug|x86.Build.0 = Debug|Any CPU
		{6117F621-1F2E-4D76-97F1-0D2BEBF9898C}.Release|Any CPU.ActiveCfg = Release|Any CPU
		{6117F621-1F2E-4D76-97F1-0D2BEBF9898C}.Release|Any CPU.Build.0 = Release|Any CPU
		{6117F621-1F2E-4D76-97F1-0D2BEBF9898C}.Release|x64.ActiveCfg = Release|Any CPU
		{6117F621-1F2E-4D76-97F1-0D2BEBF9898C}.Release|x64.Build.0 = Release|Any CPU
		{6117F621-1F2E-4D76-97F1-0D2BEBF9898C}.Release|x86.ActiveCfg = Release|Any CPU
		{6117F621-1F2E-4D76-97F1-0D2BEBF9898C}.Release|x86.Build.0 = Release|Any CPU
	EndGlobalSection
	GlobalSection(SolutionProperties) = preSolution
		HideSolutionNode = FALSE
	EndGlobalSection
	GlobalSection(NestedProjects) = preSolution
		{CBB0D3C6-1C90-4221-862A-9D2B04148E70} = {827E0CD3-B72D-47B6-A68D-7590B98EB39B}
		{813C1852-80C3-4E73-8ABD-E6486717447A} = {827E0CD3-B72D-47B6-A68D-7590B98EB39B}
		{8E5EB03B-4CC0-4F5A-8928-AC1D666F575A} = {827E0CD3-B72D-47B6-A68D-7590B98EB39B}
		{6117F621-1F2E-4D76-97F1-0D2BEBF9898C} = {827E0CD3-B72D-47B6-A68D-7590B98EB39B}
	EndGlobalSection
EndGlobal
